{
    "name": "bloxy.js",
    "version": "1.0.3",
    "lockfileVersion": 2,
    "requires": true,
    "packages": {
        "": {
            "name": "bloxy.js",
            "version": "1.0.3",
            "dependencies": {
                "@aero/http": "^1.2.0",
                "bloxy.js": "^1.0.3"
            }
        },
        "node_modules/@aero/http": {
            "version": "1.2.0",
            "resolved": "https://registry.npmjs.org/@aero/http/-/http-1.2.0.tgz",
            "integrity": "sha512-SeHFUp9MChojpfXNoDAxG1sDx4GdLY85ssAcsAuDUGXnVggI457gfUod68HVgvRvk5O9h+TWy8qwMjrXNCiBwA==",
            "dependencies": {
                "undici": "^5.8.1"
            }
        },
        "node_modules/bloxy.js": {
            "version": "1.0.3",
            "resolved": "https://registry.npmjs.org/bloxy.js/-/bloxy.js-1.0.3.tgz",
            "integrity": "sha512-AEtox+dk4CQG2wI8Iv48DIJjcp+EWSWWJy3euXWiVv0MMl/6chGTYEU4hfJ2+aKvHxsCT6id718UZu8QzxKaJw==",
            "dependencies": {
                "@aero/http": "^1.2.0"
            }
        },
        "node_modules/undici": {
            "version": "5.10.0",
            "resolved": "https://registry.npmjs.org/undici/-/undici-5.10.0.tgz",
            "integrity": "sha512-c8HsD3IbwmjjbLvoZuRI26TZic+TSEe8FPMLLOkN1AfYRhdjnKBU6yL+IwcSCbdZiX4e5t0lfMDLDCqj4Sq70g==",
            "engines": {
                "node": ">=12.18"
            }
        }
    },
    "dependencies": {
        "@aero/http": {
            "version": "1.2.0",
            "resolved": "https://registry.npmjs.org/@aero/http/-/http-1.2.0.tgz",
            "integrity": "sha512-SeHFUp9MChojpfXNoDAxG1sDx4GdLY85ssAcsAuDUGXnVggI457gfUod68HVgvRvk5O9h+TWy8qwMjrXNCiBwA==",
            "requires": {
                "undici": "^5.8.1"
            }
        },
        "bloxy.js": {
            "version": "1.0.3",
            "resolved": "https://registry.npmjs.org/bloxy.js/-/bloxy.js-1.0.3.tgz",
            "integrity": "sha512-AEtox+dk4CQG2wI8Iv48DIJjcp+EWSWWJy3euXWiVv0MMl/6chGTYEU4hfJ2+aKvHxsCT6id718UZu8QzxKaJw==",
            "requires": {
                "@aero/http": "^1.2.0"
            }
        },
        "undici": {
            "version": "5.10.0",
            "resolved": "https://registry.npmjs.org/undici/-/undici-5.10.0.tgz",
            "integrity": "sha512-c8HsD3IbwmjjbLvoZuRI26TZic+TSEe8FPMLLOkN1AfYRhdjnKBU6yL+IwcSCbdZiX4e5t0lfMDLDCqj4Sq70g=="
        }
    }
}
